
Microsoft Visual Studio Solution File, Format Version 12.00
# Visual Studio 14
VisualStudioVersion = 14.0.23107.0
MinimumVisualStudioVersion = 10.0.40219.1
Project("{FAE04EC0-301F-11D3-BF4B-00C04F79EFBC}") = "ImitateLogin", "ImitateLogin\ImitateLogin.csproj", "{D6B4E38E-1D46-4996-8527-302A1ADDB288}"
EndProject
Project("{FAE04EC0-301F-11D3-BF4B-00C04F79EFBC}") = "LoginTestTool.GTK", "LoginTestTool.GTK\LoginTestTool.GTK.csproj", "{01B88ED4-DF93-427A-941A-B1DE4749BBBE}"
EndProject
Project("{FAE04EC0-301F-11D3-BF4B-00C04F79EFBC}") = "LoginTestTool.WPF", "LoginTestTool.WPF\LoginTestTool.WPF.csproj", "{02A66D24-2BC9-4A25-A399-A8A39B01CD1C}"
EndProject
Global
	GlobalSection(SolutionConfigurationPlatforms) = preSolution
		Debug|Any CPU = Debug|Any CPU
		Debug|x64 = Debug|x64
		Debug|x86 = Debug|x86
		Release|Any CPU = Release|Any CPU
		Release|x64 = Release|x64
		Release|x86 = Release|x86
	EndGlobalSection
	GlobalSection(ProjectConfigurationPlatforms) = postSolution
		{D6B4E38E-1D46-4996-8527-302A1ADDB288}.Debug|Any CPU.ActiveCfg = Debug|Any CPU
		{D6B4E38E-1D46-4996-8527-302A1ADDB288}.Debug|Any CPU.Build.0 = Debug|Any CPU
		{D6B4E38E-1D46-4996-8527-302A1ADDB288}.Debug|x64.ActiveCfg = Debug|Any CPU
		{D6B4E38E-1D46-4996-8527-302A1ADDB288}.Debug|x86.ActiveCfg = Debug|Any CPU
		{D6B4E38E-1D46-4996-8527-302A1ADDB288}.Release|Any CPU.ActiveCfg = Release|Any CPU
		{D6B4E38E-1D46-4996-8527-302A1ADDB288}.Release|Any CPU.Build.0 = Release|Any CPU
		{D6B4E38E-1D46-4996-8527-302A1ADDB288}.Release|x64.ActiveCfg = Release|Any CPU
		{D6B4E38E-1D46-4996-8527-302A1ADDB288}.Release|x86.ActiveCfg = Release|Any CPU
		{01B88ED4-DF93-427A-941A-B1DE4749BBBE}.Debug|Any CPU.ActiveCfg = Debug|Any CPU
		{01B88ED4-DF93-427A-941A-B1DE4749BBBE}.Debug|Any CPU.Build.0 = Debug|Any CPU
		{01B88ED4-DF93-427A-941A-B1DE4749BBBE}.Debug|x64.ActiveCfg = Debug|Any CPU
		{01B88ED4-DF93-427A-941A-B1DE4749BBBE}.Debug|x64.Build.0 = Debug|Any CPU
		{01B88ED4-DF93-427A-941A-B1DE4749BBBE}.Debug|x86.ActiveCfg = Debug|Any CPU
		{01B88ED4-DF93-427A-941A-B1DE4749BBBE}.Debug|x86.Build.0 = Debug|Any CPU
		{01B88ED4-DF93-427A-941A-B1DE4749BBBE}.Release|Any CPU.ActiveCfg = Release|Any CPU
		{01B88ED4-DF93-427A-941A-B1DE4749BBBE}.Release|Any CPU.Build.0 = Release|Any CPU
		{01B88ED4-DF93-427A-941A-B1DE4749BBBE}.Release|x64.ActiveCfg = Release|Any CPU
		{01B88ED4-DF93-427A-941A-B1DE4749BBBE}.Release|x64.Build.0 = Release|Any CPU
		{01B88ED4-DF93-427A-941A-B1DE4749BBBE}.Release|x86.ActiveCfg = Release|Any CPU
		{01B88ED4-DF93-427A-941A-B1DE4749BBBE}.Release|x86.Build.0 = Release|Any CPU
		{02A66D24-2BC9-4A25-A399-A8A39B01CD1C}.Debug|Any CPU.ActiveCfg = Debug|Any CPU
		{02A66D24-2BC9-4A25-A399-A8A39B01CD1C}.Debug|Any CPU.Build.0 = Debug|Any CPU
		{02A66D24-2BC9-4A25-A399-A8A39B01CD1C}.Debug|x64.ActiveCfg = Debug|Any CPU
		{02A66D24-2BC9-4A25-A399-A8A39B01CD1C}.Debug|x64.Build.0 = Debug|Any CPU
		{02A66D24-2BC9-4A25-A399-A8A39B01CD1C}.Debug|x86.ActiveCfg = Debug|Any CPU
		{02A66D24-2BC9-4A25-A399-A8A39B01CD1C}.Debug|x86.Build.0 = Debug|Any CPU
		{02A66D24-2BC9-4A25-A399-A8A39B01CD1C}.Release|Any CPU.ActiveCfg = Release|Any CPU
		{02A66D24-2BC9-4A25-A399-A8A39B01CD1C}.Release|Any CPU.Build.0 = Release|Any CPU
		{02A66D24-2BC9-4A25-A399-A8A39B01CD1C}.Release|x64.ActiveCfg = Release|Any CPU
		{02A66D24-2BC9-4A25-A399-A8A39B01CD1C}.Release|x64.Build.0 = Release|Any CPU
		{02A66D24-2BC9-4A25-A399-A8A39B01CD1C}.Release|x86.ActiveCfg = Release|Any CPU
		{02A66D24-2BC9-4A25-A399-A8A39B01CD1C}.Release|x86.Build.0 = Release|Any CPU
	EndGlobalSection
	GlobalSection(SolutionProperties) = preSolution
		HideSolutionNode = FALSE
	EndGlobalSection
EndGlobal
