
Microsoft Visual Studio Solution File, Format Version 12.00
# Visual Studio 14
VisualStudioVersion = 14.0.24720.0
MinimumVisualStudioVersion = 10.0.40219.1
Project("{FAE04EC0-301F-11D3-BF4B-00C04F79EFBC}") = "ImitateLogin", "ImitateLogin\ImitateLogin.csproj", "{D6B4E38E-1D46-4996-8527-302A1ADDB288}"
EndProject
Project("{FAE04EC0-301F-11D3-BF4B-00C04F79EFBC}") = "ImitateLogin.Service", "ImitateLogin.Service\ImitateLogin.Service.csproj", "{7EB5ADE1-FFB5-4DA2-A6EC-FF5A604E7AAD}"
EndProject
Project("{2150E333-8FDC-42A3-9474-1A3956D46DE8}") = "Extensions", "Extensions", "{4EF9F2B1-34E2-40AC-9420-97A0406A894F}"
EndProject
Project("{FAE04EC0-301F-11D3-BF4B-00C04F79EFBC}") = "MailNotication", "Extensions\MailNotication\MailNotication.csproj", "{A6F0A6C7-52ED-4919-A9EA-7911DDA028F1}"
EndProject
Project("{FAE04EC0-301F-11D3-BF4B-00C04F79EFBC}") = "RecogCAPTCHA", "Extensions\RecogCAPTCHA\RecogCAPTCHA.csproj", "{1E7839BD-65A9-4803-BE01-02BE161F6F97}"
EndProject
Project("{FAE04EC0-301F-11D3-BF4B-00C04F79EFBC}") = "CodePlatform", "Extensions\CodePlatform\CodePlatform.csproj", "{87DC71C2-E754-49C6-A19D-4B81926BB077}"
EndProject
Project("{2150E333-8FDC-42A3-9474-1A3956D46DE8}") = "Samples", "Samples", "{6F1003E8-22E0-4C9E-9159-734C06CAA1C7}"
EndProject
Project("{FAE04EC0-301F-11D3-BF4B-00C04F79EFBC}") = "LoginTestTool.GTK", "Samples\LoginTestTool.GTK\LoginTestTool.GTK.csproj", "{01B88ED4-DF93-427A-941A-B1DE4749BBBE}"
EndProject
Project("{FAE04EC0-301F-11D3-BF4B-00C04F79EFBC}") = "LoginTestTool.WPF", "Samples\LoginTestTool.WPF\LoginTestTool.WPF.csproj", "{02A66D24-2BC9-4A25-A399-A8A39B01CD1C}"
EndProject
Project("{2150E333-8FDC-42A3-9474-1A3956D46DE8}") = "Tools", "Tools", "{6F3EFEA4-53C5-477A-A6CA-F2EA4F7D78D6}"
EndProject
Project("{FAE04EC0-301F-11D3-BF4B-00C04F79EFBC}") = "PluginConfigBuild", "Tools\PluginConfigBuild\PluginConfigBuild.csproj", "{C240AED9-FCD2-43D8-8238-41F2C5A3F06C}"
EndProject
Global
	GlobalSection(SolutionConfigurationPlatforms) = preSolution
		Debug|Any CPU = Debug|Any CPU
		Debug|x64 = Debug|x64
		Debug|x86 = Debug|x86
		Release|Any CPU = Release|Any CPU
		Release|x64 = Release|x64
		Release|x86 = Release|x86
	EndGlobalSection
	GlobalSection(ProjectConfigurationPlatforms) = postSolution
		{D6B4E38E-1D46-4996-8527-302A1ADDB288}.Debug|Any CPU.ActiveCfg = Debug|Any CPU
		{D6B4E38E-1D46-4996-8527-302A1ADDB288}.Debug|Any CPU.Build.0 = Debug|Any CPU
		{D6B4E38E-1D46-4996-8527-302A1ADDB288}.Debug|x64.ActiveCfg = Debug|Any CPU
		{D6B4E38E-1D46-4996-8527-302A1ADDB288}.Debug|x86.ActiveCfg = Debug|Any CPU
		{D6B4E38E-1D46-4996-8527-302A1ADDB288}.Release|Any CPU.ActiveCfg = Release|Any CPU
		{D6B4E38E-1D46-4996-8527-302A1ADDB288}.Release|Any CPU.Build.0 = Release|Any CPU
		{D6B4E38E-1D46-4996-8527-302A1ADDB288}.Release|x64.ActiveCfg = Release|Any CPU
		{D6B4E38E-1D46-4996-8527-302A1ADDB288}.Release|x86.ActiveCfg = Release|Any CPU
		{7EB5ADE1-FFB5-4DA2-A6EC-FF5A604E7AAD}.Debug|Any CPU.ActiveCfg = Debug|Any CPU
		{7EB5ADE1-FFB5-4DA2-A6EC-FF5A604E7AAD}.Debug|Any CPU.Build.0 = Debug|Any CPU
		{7EB5ADE1-FFB5-4DA2-A6EC-FF5A604E7AAD}.Debug|x64.ActiveCfg = Debug|Any CPU
		{7EB5ADE1-FFB5-4DA2-A6EC-FF5A604E7AAD}.Debug|x64.Build.0 = Debug|Any CPU
		{7EB5ADE1-FFB5-4DA2-A6EC-FF5A604E7AAD}.Debug|x86.ActiveCfg = Debug|Any CPU
		{7EB5ADE1-FFB5-4DA2-A6EC-FF5A604E7AAD}.Debug|x86.Build.0 = Debug|Any CPU
		{7EB5ADE1-FFB5-4DA2-A6EC-FF5A604E7AAD}.Release|Any CPU.ActiveCfg = Release|Any CPU
		{7EB5ADE1-FFB5-4DA2-A6EC-FF5A604E7AAD}.Release|Any CPU.Build.0 = Release|Any CPU
		{7EB5ADE1-FFB5-4DA2-A6EC-FF5A604E7AAD}.Release|x64.ActiveCfg = Release|Any CPU
		{7EB5ADE1-FFB5-4DA2-A6EC-FF5A604E7AAD}.Release|x64.Build.0 = Release|Any CPU
		{7EB5ADE1-FFB5-4DA2-A6EC-FF5A604E7AAD}.Release|x86.ActiveCfg = Release|Any CPU
		{7EB5ADE1-FFB5-4DA2-A6EC-FF5A604E7AAD}.Release|x86.Build.0 = Release|Any CPU
		{A6F0A6C7-52ED-4919-A9EA-7911DDA028F1}.Debug|Any CPU.ActiveCfg = Debug|Any CPU
		{A6F0A6C7-52ED-4919-A9EA-7911DDA028F1}.Debug|Any CPU.Build.0 = Debug|Any CPU
		{A6F0A6C7-52ED-4919-A9EA-7911DDA028F1}.Debug|x64.ActiveCfg = Debug|Any CPU
		{A6F0A6C7-52ED-4919-A9EA-7911DDA028F1}.Debug|x64.Build.0 = Debug|Any CPU
		{A6F0A6C7-52ED-4919-A9EA-7911DDA028F1}.Debug|x86.ActiveCfg = Debug|Any CPU
		{A6F0A6C7-52ED-4919-A9EA-7911DDA028F1}.Debug|x86.Build.0 = Debug|Any CPU
		{A6F0A6C7-52ED-4919-A9EA-7911DDA028F1}.Release|Any CPU.ActiveCfg = Release|Any CPU
		{A6F0A6C7-52ED-4919-A9EA-7911DDA028F1}.Release|Any CPU.Build.0 = Release|Any CPU
		{A6F0A6C7-52ED-4919-A9EA-7911DDA028F1}.Release|x64.ActiveCfg = Release|Any CPU
		{A6F0A6C7-52ED-4919-A9EA-7911DDA028F1}.Release|x64.Build.0 = Release|Any CPU
		{A6F0A6C7-52ED-4919-A9EA-7911DDA028F1}.Release|x86.ActiveCfg = Release|Any CPU
		{A6F0A6C7-52ED-4919-A9EA-7911DDA028F1}.Release|x86.Build.0 = Release|Any CPU
		{1E7839BD-65A9-4803-BE01-02BE161F6F97}.Debug|Any CPU.ActiveCfg = Debug|Any CPU
		{1E7839BD-65A9-4803-BE01-02BE161F6F97}.Debug|Any CPU.Build.0 = Debug|Any CPU
		{1E7839BD-65A9-4803-BE01-02BE161F6F97}.Debug|x64.ActiveCfg = Debug|Any CPU
		{1E7839BD-65A9-4803-BE01-02BE161F6F97}.Debug|x64.Build.0 = Debug|Any CPU
		{1E7839BD-65A9-4803-BE01-02BE161F6F97}.Debug|x86.ActiveCfg = Debug|Any CPU
		{1E7839BD-65A9-4803-BE01-02BE161F6F97}.Debug|x86.Build.0 = Debug|Any CPU
		{1E7839BD-65A9-4803-BE01-02BE161F6F97}.Release|Any CPU.ActiveCfg = Release|Any CPU
		{1E7839BD-65A9-4803-BE01-02BE161F6F97}.Release|Any CPU.Build.0 = Release|Any CPU
		{1E7839BD-65A9-4803-BE01-02BE161F6F97}.Release|x64.ActiveCfg = Release|Any CPU
		{1E7839BD-65A9-4803-BE01-02BE161F6F97}.Release|x64.Build.0 = Release|Any CPU
		{1E7839BD-65A9-4803-BE01-02BE161F6F97}.Release|x86.ActiveCfg = Release|Any CPU
		{1E7839BD-65A9-4803-BE01-02BE161F6F97}.Release|x86.Build.0 = Release|Any CPU
		{87DC71C2-E754-49C6-A19D-4B81926BB077}.Debug|Any CPU.ActiveCfg = Debug|Any CPU
		{87DC71C2-E754-49C6-A19D-4B81926BB077}.Debug|Any CPU.Build.0 = Debug|Any CPU
		{87DC71C2-E754-49C6-A19D-4B81926BB077}.Debug|x64.ActiveCfg = Debug|Any CPU
		{87DC71C2-E754-49C6-A19D-4B81926BB077}.Debug|x64.Build.0 = Debug|Any CPU
		{87DC71C2-E754-49C6-A19D-4B81926BB077}.Debug|x86.ActiveCfg = Debug|Any CPU
		{87DC71C2-E754-49C6-A19D-4B81926BB077}.Debug|x86.Build.0 = Debug|Any CPU
		{87DC71C2-E754-49C6-A19D-4B81926BB077}.Release|Any CPU.ActiveCfg = Release|Any CPU
		{87DC71C2-E754-49C6-A19D-4B81926BB077}.Release|Any CPU.Build.0 = Release|Any CPU
		{87DC71C2-E754-49C6-A19D-4B81926BB077}.Release|x64.ActiveCfg = Release|Any CPU
		{87DC71C2-E754-49C6-A19D-4B81926BB077}.Release|x64.Build.0 = Release|Any CPU
		{87DC71C2-E754-49C6-A19D-4B81926BB077}.Release|x86.ActiveCfg = Release|Any CPU
		{87DC71C2-E754-49C6-A19D-4B81926BB077}.Release|x86.Build.0 = Release|Any CPU
		{01B88ED4-DF93-427A-941A-B1DE4749BBBE}.Debug|Any CPU.ActiveCfg = Debug|Any CPU
		{01B88ED4-DF93-427A-941A-B1DE4749BBBE}.Debug|Any CPU.Build.0 = Debug|Any CPU
		{01B88ED4-DF93-427A-941A-B1DE4749BBBE}.Debug|x64.ActiveCfg = Debug|Any CPU
		{01B88ED4-DF93-427A-941A-B1DE4749BBBE}.Debug|x64.Build.0 = Debug|Any CPU
		{01B88ED4-DF93-427A-941A-B1DE4749BBBE}.Debug|x86.ActiveCfg = Debug|Any CPU
		{01B88ED4-DF93-427A-941A-B1DE4749BBBE}.Debug|x86.Build.0 = Debug|Any CPU
		{01B88ED4-DF93-427A-941A-B1DE4749BBBE}.Release|Any CPU.ActiveCfg = Release|Any CPU
		{01B88ED4-DF93-427A-941A-B1DE4749BBBE}.Release|Any CPU.Build.0 = Release|Any CPU
		{01B88ED4-DF93-427A-941A-B1DE4749BBBE}.Release|x64.ActiveCfg = Release|Any CPU
		{01B88ED4-DF93-427A-941A-B1DE4749BBBE}.Release|x64.Build.0 = Release|Any CPU
		{01B88ED4-DF93-427A-941A-B1DE4749BBBE}.Release|x86.ActiveCfg = Release|Any CPU
		{01B88ED4-DF93-427A-941A-B1DE4749BBBE}.Release|x86.Build.0 = Release|Any CPU
		{02A66D24-2BC9-4A25-A399-A8A39B01CD1C}.Debug|Any CPU.ActiveCfg = Debug|Any CPU
		{02A66D24-2BC9-4A25-A399-A8A39B01CD1C}.Debug|Any CPU.Build.0 = Debug|Any CPU
		{02A66D24-2BC9-4A25-A399-A8A39B01CD1C}.Debug|x64.ActiveCfg = Debug|Any CPU
		{02A66D24-2BC9-4A25-A399-A8A39B01CD1C}.Debug|x64.Build.0 = Debug|Any CPU
		{02A66D24-2BC9-4A25-A399-A8A39B01CD1C}.Debug|x86.ActiveCfg = Debug|Any CPU
		{02A66D24-2BC9-4A25-A399-A8A39B01CD1C}.Debug|x86.Build.0 = Debug|Any CPU
		{02A66D24-2BC9-4A25-A399-A8A39B01CD1C}.Release|Any CPU.ActiveCfg = Release|Any CPU
		{02A66D24-2BC9-4A25-A399-A8A39B01CD1C}.Release|Any CPU.Build.0 = Release|Any CPU
		{02A66D24-2BC9-4A25-A399-A8A39B01CD1C}.Release|x64.ActiveCfg = Release|Any CPU
		{02A66D24-2BC9-4A25-A399-A8A39B01CD1C}.Release|x64.Build.0 = Release|Any CPU
		{02A66D24-2BC9-4A25-A399-A8A39B01CD1C}.Release|x86.ActiveCfg = Release|Any CPU
		{02A66D24-2BC9-4A25-A399-A8A39B01CD1C}.Release|x86.Build.0 = Release|Any CPU
		{C240AED9-FCD2-43D8-8238-41F2C5A3F06C}.Debug|Any CPU.ActiveCfg = Debug|Any CPU
		{C240AED9-FCD2-43D8-8238-41F2C5A3F06C}.Debug|Any CPU.Build.0 = Debug|Any CPU
		{C240AED9-FCD2-43D8-8238-41F2C5A3F06C}.Debug|x64.ActiveCfg = Debug|Any CPU
		{C240AED9-FCD2-43D8-8238-41F2C5A3F06C}.Debug|x64.Build.0 = Debug|Any CPU
		{C240AED9-FCD2-43D8-8238-41F2C5A3F06C}.Debug|x86.ActiveCfg = Debug|Any CPU
		{C240AED9-FCD2-43D8-8238-41F2C5A3F06C}.Debug|x86.Build.0 = Debug|Any CPU
		{C240AED9-FCD2-43D8-8238-41F2C5A3F06C}.Release|Any CPU.ActiveCfg = Release|Any CPU
		{C240AED9-FCD2-43D8-8238-41F2C5A3F06C}.Release|Any CPU.Build.0 = Release|Any CPU
		{C240AED9-FCD2-43D8-8238-41F2C5A3F06C}.Release|x64.ActiveCfg = Release|Any CPU
		{C240AED9-FCD2-43D8-8238-41F2C5A3F06C}.Release|x64.Build.0 = Release|Any CPU
		{C240AED9-FCD2-43D8-8238-41F2C5A3F06C}.Release|x86.ActiveCfg = Release|Any CPU
		{C240AED9-FCD2-43D8-8238-41F2C5A3F06C}.Release|x86.Build.0 = Release|Any CPU
	EndGlobalSection
	GlobalSection(SolutionProperties) = preSolution
		HideSolutionNode = FALSE
	EndGlobalSection
	GlobalSection(NestedProjects) = preSolution
		{A6F0A6C7-52ED-4919-A9EA-7911DDA028F1} = {4EF9F2B1-34E2-40AC-9420-97A0406A894F}
		{1E7839BD-65A9-4803-BE01-02BE161F6F97} = {4EF9F2B1-34E2-40AC-9420-97A0406A894F}
		{87DC71C2-E754-49C6-A19D-4B81926BB077} = {4EF9F2B1-34E2-40AC-9420-97A0406A894F}
		{01B88ED4-DF93-427A-941A-B1DE4749BBBE} = {6F1003E8-22E0-4C9E-9159-734C06CAA1C7}
		{02A66D24-2BC9-4A25-A399-A8A39B01CD1C} = {6F1003E8-22E0-4C9E-9159-734C06CAA1C7}
		{C240AED9-FCD2-43D8-8238-41F2C5A3F06C} = {6F3EFEA4-53C5-477A-A6CA-F2EA4F7D78D6}
	EndGlobalSection
EndGlobal
